// !$*UTF8*$!
{
	archiveVersion = 1;
	classes = {
	};
	objectVersion = 46;
	objects = {

/* Begin PBXBuildFile section */
		6392CF9619B40A630027AD9D /* main.m in Sources */ = {isa = PBXBuildFile; fileRef = 6392CF9519B40A630027AD9D /* main.m */; };
		6392CF9919B40A630027AD9D /* AppDelegate.m in Sources */ = {isa = PBXBuildFile; fileRef = 6392CF9819B40A630027AD9D /* AppDelegate.m */; };
		6392CF9C19B40A630027AD9D /* ViewController.m in Sources */ = {isa = PBXBuildFile; fileRef = 6392CF9B19B40A630027AD9D /* ViewController.m */; };
		6392CF9F19B40A630027AD9D /* Main.storyboard in Resources */ = {isa = PBXBuildFile; fileRef = 6392CF9D19B40A630027AD9D /* Main.storyboard */; };
		6392CFA119B40A630027AD9D /* Images.xcassets in Resources */ = {isa = PBXBuildFile; fileRef = 6392CFA019B40A630027AD9D /* Images.xcassets */; };
		6392CFAD19B40A630027AD9D /* wkWebViewTestTests.m in Sources */ = {isa = PBXBuildFile; fileRef = 6392CFAC19B40A630027AD9D /* wkWebViewTestTests.m */; };
/* End PBXBuildFile section */

/* Begin PBXContainerItemProxy section */
		6392CFA719B40A630027AD9D /* PBXContainerItemProxy */ = {
			isa = PBXContainerItemProxy;
			containerPortal = 6392CF8819B40A630027AD9D /* Project object */;
			proxyType = 1;
			remoteGlobalIDString = 6392CF8F19B40A630027AD9D;
			remoteInfo = wkWebViewTest;
		};
/* End PBXContainerItemProxy section */

/* Begin PBXFileReference section */
		6392CF9019B40A630027AD9D /* wkWebViewTest.app */ = {isa = PBXFileReference; explicitFileType = wrapper.application; includeInIndex = 0; path = wkWebViewTest.app; sourceTree = BUILT_PRODUCTS_DIR; };
		6392CF9419B40A630027AD9D /* Info.plist */ = {isa = PBXFileReference; lastKnownFileType = text.plist.xml; path = Info.plist; sourceTree = "<group>"; };
		6392CF9519B40A630027AD9D /* main.m */ = {isa = PBXFileReference; lastKnownFileType = sourcecode.c.objc; path = main.m; sourceTree = "<group>"; };
		6392CF9719B40A630027AD9D /* AppDelegate.h */ = {isa = PBXFileReference; lastKnownFileType = sourcecode.c.h; path = AppDelegate.h; sourceTree = "<group>"; };
		6392CF9819B40A630027AD9D /* AppDelegate.m */ = {isa = PBXFileReference; lastKnownFileType = sourcecode.c.objc; path = AppDelegate.m; sourceTree = "<group>"; };
		6392CF9A19B40A630027AD9D /* ViewController.h */ = {isa = PBXFileReference; lastKnownFileType = sourcecode.c.h; path = ViewController.h; sourceTree = "<group>"; };
		6392CF9B19B40A630027AD9D /* ViewController.m */ = {isa = PBXFileReference; lastKnownFileType = sourcecode.c.objc; path = ViewController.m; sourceTree = "<group>"; };
		6392CF9E19B40A630027AD9D /* Base */ = {isa = PBXFileReference; lastKnownFileType = file.storyboard; name = Base; path = Base.lproj/Main.storyboard; sourceTree = "<group>"; };
		6392CFA019B40A630027AD9D /* Images.xcassets */ = {isa = PBXFileReference; lastKnownFileType = folder.assetcatalog; path = Images.xcassets; sourceTree = "<group>"; };
		6392CFA619B40A630027AD9D /* wkWebViewTestTests.xctest */ = {isa = PBXFileReference; explicitFileType = wrapper.cfbundle; includeInIndex = 0; path = wkWebViewTestTests.xctest; sourceTree = BUILT_PRODUCTS_DIR; };
		6392CFAB19B40A630027AD9D /* Info.plist */ = {isa = PBXFileReference; lastKnownFileType = text.plist.xml; path = Info.plist; sourceTree = "<group>"; };
		6392CFAC19B40A630027AD9D /* wkWebViewTestTests.m */ = {isa = PBXFileReference; lastKnownFileType = sourcecode.c.objc; path = wkWebViewTestTests.m; sourceTree = "<group>"; };
/* End PBXFileReference section */

/* Begin PBXFrameworksBuildPhase section */
		6392CF8D19B40A630027AD9D /* Frameworks */ = {
			isa = PBXFrameworksBuildPhase;
			buildActionMask = 2147483647;
			files = (
			);
			runOnlyForDeploymentPostprocessing = 0;
		};
		6392CFA319B40A630027AD9D /* Frameworks */ = {
			isa = PBXFrameworksBuildPhase;
			buildActionMask = 2147483647;
			files = (
			);
			runOnlyForDeploymentPostprocessing = 0;
		};
/* End PBXFrameworksBuildPhase section */

/* Begin PBXGroup section */
		6392CF8719B40A630027AD9D = {
			isa = PBXGroup;
			children = (
				6392CF9219B40A630027AD9D /* wkWebViewTest */,
				6392CFA919B40A630027AD9D /* wkWebViewTestTests */,
				6392CF9119B40A630027AD9D /* Products */,
			);
			sourceTree = "<group>";
		};
		6392CF9119B40A630027AD9D /* Products */ = {
			isa = PBXGroup;
			children = (
				6392CF9019B40A630027AD9D /* wkWebViewTest.app */,
				6392CFA619B40A630027AD9D /* wkWebViewTestTests.xctest */,
			);
			name = Products;
			sourceTree = "<group>";
		};
		6392CF9219B40A630027AD9D /* wkWebViewTest */ = {
			isa = PBXGroup;
			children = (
				6392CF9719B40A630027AD9D /* AppDelegate.h */,
				6392CF9819B40A630027AD9D /* AppDelegate.m */,
				6392CF9A19B40A630027AD9D /* ViewController.h */,
				6392CF9B19B40A630027AD9D /* ViewController.m */,
				6392CF9D19B40A630027AD9D /* Main.storyboard */,
				6392CFA019B40A630027AD9D /* Images.xcassets */,
				6392CF9319B40A630027AD9D /* Supporting Files */,
			);
			path = wkWebViewTest;
			sourceTree = "<group>";
		};
		6392CF9319B40A630027AD9D /* Supporting Files */ = {
			isa = PBXGroup;
			children = (
				6392CF9419B40A630027AD9D /* Info.plist */,
				6392CF9519B40A630027AD9D /* main.m */,
			);
			name = "Supporting Files";
			sourceTree = "<group>";
		};
		6392CFA919B40A630027AD9D /* wkWebViewTestTests */ = {
			isa = PBXGroup;
			children = (
				6392CFAC19B40A630027AD9D /* wkWebViewTestTests.m */,
				6392CFAA19B40A630027AD9D /* Supporting Files */,
			);
			path = wkWebViewTestTests;
			sourceTree = "<group>";
		};
		6392CFAA19B40A630027AD9D /* Supporting Files */ = {
			isa = PBXGroup;
			children = (
				6392CFAB19B40A630027AD9D /* Info.plist */,
			);
			name = "Supporting Files";
			sourceTree = "<group>";
		};
/* End PBXGroup section */

/* Begin PBXNativeTarget section */
		6392CF8F19B40A630027AD9D /* wkWebViewTest */ = {
			isa = PBXNativeTarget;
			buildConfigurationList = 6392CFB019B40A630027AD9D /* Build configuration list for PBXNativeTarget "wkWebViewTest" */;
			buildPhases = (
				6392CF8C19B40A630027AD9D /* Sources */,
				6392CF8D19B40A630027AD9D /* Frameworks */,
				6392CF8E19B40A630027AD9D /* Resources */,
			);
			buildRules = (
			);
			dependencies = (
			);
			name = wkWebViewTest;
			productName = wkWebViewTest;
			productReference = 6392CF9019B40A630027AD9D /* wkWebViewTest.app */;
			productType = "com.apple.product-type.application";
		};
		6392CFA519B40A630027AD9D /* wkWebViewTestTests */ = {
			isa = PBXNativeTarget;
			buildConfigurationList = 6392CFB319B40A630027AD9D /* Build configuration list for PBXNativeTarget "wkWebViewTestTests" */;
			buildPhases = (
				6392CFA219B40A630027AD9D /* Sources */,
				6392CFA319B40A630027AD9D /* Frameworks */,
				6392CFA419B40A630027AD9D /* Resources */,
			);
			buildRules = (
			);
			dependencies = (
				6392CFA819B40A630027AD9D /* PBXTargetDependency */,
			);
			name = wkWebViewTestTests;
			productName = wkWebViewTestTests;
			productReference = 6392CFA619B40A630027AD9D /* wkWebViewTestTests.xctest */;
			productType = "com.apple.product-type.bundle.unit-test";
		};
/* End PBXNativeTarget section */

/* Begin PBXProject section */
		6392CF8819B40A630027AD9D /* Project object */ = {
			isa = PBXProject;
			attributes = {
				LastUpgradeCheck = 0600;
				ORGANIZATIONNAME = sangchan;
				TargetAttributes = {
					6392CF8F19B40A630027AD9D = {
						CreatedOnToolsVersion = 6.0;
					};
					6392CFA519B40A630027AD9D = {
						CreatedOnToolsVersion = 6.0;
						TestTargetID = 6392CF8F19B40A630027AD9D;
					};
				};
			};
			buildConfigurationList = 6392CF8B19B40A630027AD9D /* Build configuration list for PBXProject "wkWebViewTest" */;
			compatibilityVersion = "Xcode 3.2";
			developmentRegion = English;
			hasScannedForEncodings = 0;
			knownRegions = (
				en,
				Base,
			);
			mainGroup = 6392CF8719B40A630027AD9D;
			productRefGroup = 6392CF9119B40A630027AD9D /* Products */;
			projectDirPath = "";
			projectRoot = "";
			targets = (
				6392CF8F19B40A630027AD9D /* wkWebViewTest */,
				6392CFA519B40A630027AD9D /* wkWebViewTestTests */,
			);
		};
/* End PBXProject section */

/* Begin PBXResourcesBuildPhase section */
		6392CF8E19B40A630027AD9D /* Resources */ = {
			isa = PBXResourcesBuildPhase;
			buildActionMask = 2147483647;
			files = (
				6392CF9F19B40A630027AD9D /* Main.storyboard in Resources */,
				6392CFA119B40A630027AD9D /* Images.xcassets in Resources */,
			);
			runOnlyForDeploymentPostprocessing = 0;
		};
		6392CFA419B40A630027AD9D /* Resources */ = {
			isa = PBXResourcesBuildPhase;
			buildActionMask = 2147483647;
			files = (
			);
			runOnlyForDeploymentPostprocessing = 0;
		};
/* End PBXResourcesBuildPhase section */

/* Begin PBXSourcesBuildPhase section */
		6392CF8C19B40A630027AD9D /* Sources */ = {
			isa = PBXSourcesBuildPhase;
			buildActionMask = 2147483647;
			files = (
				6392CF9C19B40A630027AD9D /* ViewController.m in Sources */,
				6392CF9919B40A630027AD9D /* AppDelegate.m in Sources */,
				6392CF9619B40A630027AD9D /* main.m in Sources */,
			);
			runOnlyForDeploymentPostprocessing = 0;
		};
		6392CFA219B40A630027AD9D /* Sources */ = {
			isa = PBXSourcesBuildPhase;
			buildActionMask = 2147483647;
			files = (
				6392CFAD19B40A630027AD9D /* wkWebViewTestTests.m in Sources */,
			);
			runOnlyForDeploymentPostprocessing = 0;
		};
/* End PBXSourcesBuildPhase section */

/* Begin PBXTargetDependency section */
		6392CFA819B40A630027AD9D /* PBXTargetDependency */ = {
			isa = PBXTargetDependency;
			target = 6392CF8F19B40A630027AD9D /* wkWebViewTest */;
			targetProxy = 6392CFA719B40A630027AD9D /* PBXContainerItemProxy */;
		};
/* End PBXTargetDependency section */

/* Begin PBXVariantGroup section */
		6392CF9D19B40A630027AD9D /* Main.storyboard */ = {
			isa = PBXVariantGroup;
			children = (
				6392CF9E19B40A630027AD9D /* Base */,
			);
			name = Main.storyboard;
			sourceTree = "<group>";
		};
/* End PBXVariantGroup section */

/* Begin XCBuildConfiguration section */
		6392CFAE19B40A630027AD9D /* Debug */ = {
			isa = XCBuildConfiguration;
			buildSettings = {
				ALWAYS_SEARCH_USER_PATHS = NO;
				CLANG_CXX_LANGUAGE_STANDARD = "gnu++0x";
				CLANG_CXX_LIBRARY = "libc++";
				CLANG_ENABLE_MODULES = YES;
				CLANG_ENABLE_OBJC_ARC = YES;
				CLANG_WARN_BOOL_CONVERSION = YES;
				CLANG_WARN_CONSTANT_CONVERSION = YES;
				CLANG_WARN_DIRECT_OBJC_ISA_USAGE = YES_ERROR;
				CLANG_WARN_EMPTY_BODY = YES;
				CLANG_WARN_ENUM_CONVERSION = YES;
				CLANG_WARN_INT_CONVERSION = YES;
				CLANG_WARN_OBJC_ROOT_CLASS = YES_ERROR;
				CLANG_WARN_UNREACHABLE_CODE = YES;
				CLANG_WARN__DUPLICATE_METHOD_MATCH = YES;
				"CODE_SIGN_IDENTITY[sdk=iphoneos*]" = "iPhone Developer";
				COPY_PHASE_STRIP = NO;
				ENABLE_STRICT_OBJC_MSGSEND = YES;
				GCC_C_LANGUAGE_STANDARD = gnu99;
				GCC_DYNAMIC_NO_PIC = NO;
				GCC_OPTIMIZATION_LEVEL = 0;
				GCC_PREPROCESSOR_DEFINITIONS = (
					"DEBUG=1",
					"$(inherited)",
				);
				GCC_SYMBOLS_PRIVATE_EXTERN = NO;
				GCC_WARN_64_TO_32_BIT_CONVERSION = YES;
				GCC_WARN_ABOUT_RETURN_TYPE = YES_ERROR;
				GCC_WARN_UNDECLARED_SELECTOR = YES;
				GCC_WARN_UNINITIALIZED_AUTOS = YES_AGGRESSIVE;
				GCC_WARN_UNUSED_FUNCTION = YES;
				GCC_WARN_UNUSED_VARIABLE = YES;
				IPHONEOS_DEPLOYMENT_TARGET = 8.0;
				MTL_ENABLE_DEBUG_INFO = YES;
				ONLY_ACTIVE_ARCH = YES;
				SDKROOT = iphoneos;
			};
			name = Debug;
		};
		6392CFAF19B40A630027AD9D /* Release */ = {
			isa = XCBuildConfiguration;
			buildSettings = {
				ALWAYS_SEARCH_USER_PATHS = NO;
				CLANG_CXX_LANGUAGE_STANDARD = "gnu++0x";
				CLANG_CXX_LIBRARY = "libc++";
				CLANG_ENABLE_MODULES = YES;
				CLANG_ENABLE_OBJC_ARC = YES;
				CLANG_WARN_BOOL_CONVERSION = YES;
				CLANG_WARN_CONSTANT_CONVERSION = YES;
				CLANG_WARN_DIRECT_OBJC_ISA_USAGE = YES_ERROR;
				CLANG_WARN_EMPTY_BODY = YES;
				CLANG_WARN_ENUM_CONVERSION = YES;
				CLANG_WARN_INT_CONVERSION = YES;
				CLANG_WARN_OBJC_ROOT_CLASS = YES_ERROR;
				CLANG_WARN_UNREACHABLE_CODE = YES;
				CLANG_WARN__DUPLICATE_METHOD_MATCH = YES;
				"CODE_SIGN_IDENTITY[sdk=iphoneos*]" = "iPhone Developer";
				COPY_PHASE_STRIP = YES;
				ENABLE_NS_ASSERTIONS = NO;
				ENABLE_STRICT_OBJC_MSGSEND = YES;
				GCC_C_LANGUAGE_STANDARD = gnu99;
				GCC_WARN_64_TO_32_BIT_CONVERSION = YES;
				GCC_WARN_ABOUT_RETURN_TYPE = YES_ERROR;
				GCC_WARN_UNDECLARED_SELECTOR = YES;
				GCC_WARN_UNINITIALIZED_AUTOS = YES_AGGRESSIVE;
				GCC_WARN_UNUSED_FUNCTION = YES;
				GCC_WARN_UNUSED_VARIABLE = YES;
				IPHONEOS_DEPLOYMENT_TARGET = 8.0;
				MTL_ENABLE_DEBUG_INFO = NO;
				SDKROOT = iphoneos;
				VALIDATE_PRODUCT = YES;
			};
			name = Release;
		};
		6392CFB119B40A630027AD9D /* Debug */ = {
			isa = XCBuildConfiguration;
			buildSettings = {
				ASSETCATALOG_COMPILER_APPICON_NAME = AppIcon;
				ASSETCATALOG_COMPILER_LAUNCHIMAGE_NAME = LaunchImage;
				INFOPLIST_FILE = wkWebViewTest/Info.plist;
				LD_RUNPATH_SEARCH_PATHS = "$(inherited) @executable_path/Frameworks";
				PRODUCT_NAME = "$(TARGET_NAME)";
			};
			name = Debug;
		};
		6392CFB219B40A630027AD9D /* Release */ = {
			isa = XCBuildConfiguration;
			buildSettings = {
				ASSETCATALOG_COMPILER_APPICON_NAME = AppIcon;
				ASSETCATALOG_COMPILER_LAUNCHIMAGE_NAME = LaunchImage;
				INFOPLIST_FILE = wkWebViewTest/Info.plist;
				LD_RUNPATH_SEARCH_PATHS = "$(inherited) @executable_path/Frameworks";
				PRODUCT_NAME = "$(TARGET_NAME)";
			};
			name = Release;
		};
		6392CFB419B40A630027AD9D /* Debug */ = {
			isa = XCBuildConfiguration;
			buildSettings = {
				BUNDLE_LOADER = "$(TEST_HOST)";
				FRAMEWORK_SEARCH_PATHS = (
					"$(SDKROOT)/Developer/Library/Frameworks",
					"$(inherited)",
				);
				GCC_PREPROCESSOR_DEFINITIONS = (
					"DEBUG=1",
					"$(inherited)",
				);
				INFOPLIST_FILE = wkWebViewTestTests/Info.plist;
				LD_RUNPATH_SEARCH_PATHS = "$(inherited) @executable_path/Frameworks @loader_path/Frameworks";
				PRODUCT_NAME = "$(TARGET_NAME)";
				TEST_HOST = "$(BUILT_PRODUCTS_DIR)/wkWebViewTest.app/wkWebViewTest";
			};
			name = Debug;
		};
		6392CFB519B40A630027AD9D /* Release */ = {
			isa = XCBuildConfiguration;
			buildSettings = {
				BUNDLE_LOADER = "$(TEST_HOST)";
				FRAMEWORK_SEARCH_PATHS = (
					"$(SDKROOT)/Developer/Library/Frameworks",
					"$(inherited)",
				);
				INFOPLIST_FILE = wkWebViewTestTests/Info.plist;
				LD_RUNPATH_SEARCH_PATHS = "$(inherited) @executable_path/Frameworks @loader_path/Frameworks";
				PRODUCT_NAME = "$(TARGET_NAME)";
				TEST_HOST = "$(BUILT_PRODUCTS_DIR)/wkWebViewTest.app/wkWebViewTest";
			};
			name = Release;
		};
/* End XCBuildConfiguration section */

/* Begin XCConfigurationList section */
		6392CF8B19B40A630027AD9D /* Build configuration list for PBXProject "wkWebViewTest" */ = {
			isa = XCConfigurationList;
			buildConfigurations = (
				6392CFAE19B40A630027AD9D /* Debug */,
				6392CFAF19B40A630027AD9D /* Release */,
			);
			defaultConfigurationIsVisible = 0;
			defaultConfigurationName = Release;
		};
		6392CFB019B40A630027AD9D /* Build configuration list for PBXNativeTarget "wkWebViewTest" */ = {
			isa = XCConfigurationList;
			buildConfigurations = (
				6392CFB119B40A630027AD9D /* Debug */,
				6392CFB219B40A630027AD9D /* Release */,
			);
			defaultConfigurationIsVisible = 0;
		};
		6392CFB319B40A630027AD9D /* Build configuration list for PBXNativeTarget "wkWebViewTestTests" */ = {
			isa = XCConfigurationList;
			buildConfigurations = (
				6392CFB419B40A630027AD9D /* Debug */,
				6392CFB519B40A630027AD9D /* Release */,
			);
			defaultConfigurationIsVisible = 0;
		};
/* End XCConfigurationList section */
	};
	rootObject = 6392CF8819B40A630027AD9D /* Project object */;
}
